
Microsoft Visual Studio Solution File, Format Version 12.00
# Visual Studio Version 16
VisualStudioVersion = 16.0.30523.141
MinimumVisualStudioVersion = 10.0.40219.1
Project("{9A19103F-16F7-4668-BE54-9A1E7A4F7556}") = "CentralGamesPlatform", "CentralGamesPlatform\CentralGamesPlatform.csproj", "{EB8723EA-ECBD-441D-940B-B4A77E2ED9AD}"
EndProject
Global
	GlobalSection(SolutionConfigurationPlatforms) = preSolution
		Debug|Any CPU = Debug|Any CPU
		Release|Any CPU = Release|Any CPU
	EndGlobalSection
	GlobalSection(ProjectConfigurationPlatforms) = postSolution
		{EB8723EA-ECBD-441D-940B-B4A77E2ED9AD}.Debug|Any CPU.ActiveCfg = Debug|Any CPU
		{EB8723EA-ECBD-441D-940B-B4A77E2ED9AD}.Debug|Any CPU.Build.0 = Debug|Any CPU
		{EB8723EA-ECBD-441D-940B-B4A77E2ED9AD}.Release|Any CPU.ActiveCfg = Release|Any CPU
		{EB8723EA-ECBD-441D-940B-B4A77E2ED9AD}.Release|Any CPU.Build.0 = Release|Any CPU
	EndGlobalSection
	GlobalSection(SolutionProperties) = preSolution
		HideSolutionNode = FALSE
	EndGlobalSection
	GlobalSection(ExtensibilityGlobals) = postSolution
		SolutionGuid = {93E4FD39-9EEF-4499-AFA0-99AC5AD41315}
	EndGlobalSection
EndGlobal
